// !$*UTF8*$!
{
	archiveVersion = 1;
	classes = {
	};
	objectVersion = 46;
	objects = {

/* Begin PBXBuildFile section */
		801DC5731CFB3C7600B64FFA /* HoursRemainingUIView.swift in Sources */ = {isa = PBXBuildFile; fileRef = 801DC5721CFB3C7600B64FFA /* HoursRemainingUIView.swift */; };
		80279A0C1CFB630300F044DF /* MinutesRemainingUIVIew.swift in Sources */ = {isa = PBXBuildFile; fileRef = 80279A0B1CFB630300F044DF /* MinutesRemainingUIVIew.swift */; };
		80279A0E1CFB6C3F00F044DF /* SecondsRemainingUIView.swift in Sources */ = {isa = PBXBuildFile; fileRef = 80279A0D1CFB6C3F00F044DF /* SecondsRemainingUIView.swift */; };
		80330A1B1C14F39C00B8A3F4 /* Timer.swift in Sources */ = {isa = PBXBuildFile; fileRef = 80330A1A1C14F39C00B8A3F4 /* Timer.swift */; };
		8055AC911BCBA56F00FDC2A5 /* Images.xcassets in Resources */ = {isa = PBXBuildFile; fileRef = 8055AC901BCBA56F00FDC2A5 /* Images.xcassets */; };
		809C66F21AAD862700B79D17 /* AppDelegate.swift in Sources */ = {isa = PBXBuildFile; fileRef = 809C66F11AAD862700B79D17 /* AppDelegate.swift */; };
		809C66F41AAD862700B79D17 /* ViewController.swift in Sources */ = {isa = PBXBuildFile; fileRef = 809C66F31AAD862700B79D17 /* ViewController.swift */; };
		809C66F71AAD862700B79D17 /* Main.storyboard in Resources */ = {isa = PBXBuildFile; fileRef = 809C66F51AAD862700B79D17 /* Main.storyboard */; };
		809C66FC1AAD862700B79D17 /* LaunchScreen.xib in Resources */ = {isa = PBXBuildFile; fileRef = 809C66FA1AAD862700B79D17 /* LaunchScreen.xib */; };
		809C67081AAD862700B79D17 /* CountdownTests.swift in Sources */ = {isa = PBXBuildFile; fileRef = 809C67071AAD862700B79D17 /* CountdownTests.swift */; };
		809C67121AAD87CA00B79D17 /* CountdownViewController.swift in Sources */ = {isa = PBXBuildFile; fileRef = 809C67111AAD87CA00B79D17 /* CountdownViewController.swift */; };
		80A9FE5E1C8D6D13002830B5 /* TotalRemainingUIView.swift in Sources */ = {isa = PBXBuildFile; fileRef = 80A9FE5D1C8D6D13002830B5 /* TotalRemainingUIView.swift */; };
		80C7CC9A1F4D509500F22B37 /* Ticker.swift in Sources */ = {isa = PBXBuildFile; fileRef = 80C7CC991F4D509500F22B37 /* Ticker.swift */; };
		80C7CCA11F4D544000F22B37 /* UIBezierPath+Interpolation.m in Sources */ = {isa = PBXBuildFile; fileRef = 80C7CCA01F4D544000F22B37 /* UIBezierPath+Interpolation.m */; };
		80C7CCA41F4D545700F22B37 /* CGPointExtension.m in Sources */ = {isa = PBXBuildFile; fileRef = 80C7CCA31F4D545700F22B37 /* CGPointExtension.m */; };
		80C7CCA71F4D5FDA00F22B37 /* TickMark.swift in Sources */ = {isa = PBXBuildFile; fileRef = 80C7CCA61F4D5FDA00F22B37 /* TickMark.swift */; };
		80C7CCA91F4FFC4D00F22B37 /* ConcentricCirclesViewController.swift in Sources */ = {isa = PBXBuildFile; fileRef = 80C7CCA81F4FFC4D00F22B37 /* ConcentricCirclesViewController.swift */; };
/* End PBXBuildFile section */

/* Begin PBXContainerItemProxy section */
		809C67021AAD862700B79D17 /* PBXContainerItemProxy */ = {
			isa = PBXContainerItemProxy;
			containerPortal = 809C66E41AAD862700B79D17 /* Project object */;
			proxyType = 1;
			remoteGlobalIDString = 809C66EB1AAD862700B79D17;
			remoteInfo = Countdown;
		};
/* End PBXContainerItemProxy section */

/* Begin PBXFileReference section */
		801DC5721CFB3C7600B64FFA /* HoursRemainingUIView.swift */ = {isa = PBXFileReference; fileEncoding = 4; lastKnownFileType = sourcecode.swift; path = HoursRemainingUIView.swift; sourceTree = "<group>"; };
		80279A0B1CFB630300F044DF /* MinutesRemainingUIVIew.swift */ = {isa = PBXFileReference; fileEncoding = 4; lastKnownFileType = sourcecode.swift; path = MinutesRemainingUIVIew.swift; sourceTree = "<group>"; };
		80279A0D1CFB6C3F00F044DF /* SecondsRemainingUIView.swift */ = {isa = PBXFileReference; fileEncoding = 4; lastKnownFileType = sourcecode.swift; path = SecondsRemainingUIView.swift; sourceTree = "<group>"; };
		80330A1A1C14F39C00B8A3F4 /* Timer.swift */ = {isa = PBXFileReference; fileEncoding = 4; lastKnownFileType = sourcecode.swift; path = Timer.swift; sourceTree = "<group>"; };
		8055AC901BCBA56F00FDC2A5 /* Images.xcassets */ = {isa = PBXFileReference; lastKnownFileType = folder.assetcatalog; path = Images.xcassets; sourceTree = "<group>"; };
		809C66EC1AAD862700B79D17 /* Countdown.app */ = {isa = PBXFileReference; explicitFileType = wrapper.application; includeInIndex = 0; path = Countdown.app; sourceTree = BUILT_PRODUCTS_DIR; };
		809C66F01AAD862700B79D17 /* Info.plist */ = {isa = PBXFileReference; lastKnownFileType = text.plist.xml; path = Info.plist; sourceTree = "<group>"; };
		809C66F11AAD862700B79D17 /* AppDelegate.swift */ = {isa = PBXFileReference; lastKnownFileType = sourcecode.swift; path = AppDelegate.swift; sourceTree = "<group>"; };
		809C66F31AAD862700B79D17 /* ViewController.swift */ = {isa = PBXFileReference; lastKnownFileType = sourcecode.swift; path = ViewController.swift; sourceTree = "<group>"; };
		809C66F61AAD862700B79D17 /* Base */ = {isa = PBXFileReference; lastKnownFileType = file.storyboard; name = Base; path = Base.lproj/Main.storyboard; sourceTree = "<group>"; };
		809C66FB1AAD862700B79D17 /* Base */ = {isa = PBXFileReference; lastKnownFileType = file.xib; name = Base; path = Base.lproj/LaunchScreen.xib; sourceTree = "<group>"; };
		809C67011AAD862700B79D17 /* CountdownTests.xctest */ = {isa = PBXFileReference; explicitFileType = wrapper.cfbundle; includeInIndex = 0; path = CountdownTests.xctest; sourceTree = BUILT_PRODUCTS_DIR; };
		809C67061AAD862700B79D17 /* Info.plist */ = {isa = PBXFileReference; lastKnownFileType = text.plist.xml; path = Info.plist; sourceTree = "<group>"; };
		809C67071AAD862700B79D17 /* CountdownTests.swift */ = {isa = PBXFileReference; lastKnownFileType = sourcecode.swift; path = CountdownTests.swift; sourceTree = "<group>"; };
		809C67111AAD87CA00B79D17 /* CountdownViewController.swift */ = {isa = PBXFileReference; fileEncoding = 4; lastKnownFileType = sourcecode.swift; path = CountdownViewController.swift; sourceTree = "<group>"; };
		80A9FE5D1C8D6D13002830B5 /* TotalRemainingUIView.swift */ = {isa = PBXFileReference; fileEncoding = 4; lastKnownFileType = sourcecode.swift; path = TotalRemainingUIView.swift; sourceTree = "<group>"; };
		80C7CC991F4D509500F22B37 /* Ticker.swift */ = {isa = PBXFileReference; fileEncoding = 4; lastKnownFileType = sourcecode.swift; path = Ticker.swift; sourceTree = "<group>"; };
		80C7CC9E1F4D544000F22B37 /* Countdown-Bridging-Header.h */ = {isa = PBXFileReference; lastKnownFileType = sourcecode.c.h; path = "Countdown-Bridging-Header.h"; sourceTree = "<group>"; };
		80C7CC9F1F4D544000F22B37 /* UIBezierPath+Interpolation.h */ = {isa = PBXFileReference; fileEncoding = 4; lastKnownFileType = sourcecode.c.h; path = "UIBezierPath+Interpolation.h"; sourceTree = "<group>"; };
		80C7CCA01F4D544000F22B37 /* UIBezierPath+Interpolation.m */ = {isa = PBXFileReference; fileEncoding = 4; lastKnownFileType = sourcecode.c.objc; path = "UIBezierPath+Interpolation.m"; sourceTree = "<group>"; };
		80C7CCA21F4D545700F22B37 /* CGPointExtension.h */ = {isa = PBXFileReference; fileEncoding = 4; lastKnownFileType = sourcecode.c.h; path = CGPointExtension.h; sourceTree = "<group>"; };
		80C7CCA31F4D545700F22B37 /* CGPointExtension.m */ = {isa = PBXFileReference; fileEncoding = 4; lastKnownFileType = sourcecode.c.objc; path = CGPointExtension.m; sourceTree = "<group>"; };
		80C7CCA61F4D5FDA00F22B37 /* TickMark.swift */ = {isa = PBXFileReference; fileEncoding = 4; lastKnownFileType = sourcecode.swift; path = TickMark.swift; sourceTree = "<group>"; };
		80C7CCA81F4FFC4D00F22B37 /* ConcentricCirclesViewController.swift */ = {isa = PBXFileReference; fileEncoding = 4; lastKnownFileType = sourcecode.swift; path = ConcentricCirclesViewController.swift; sourceTree = "<group>"; };
/* End PBXFileReference section */

/* Begin PBXFrameworksBuildPhase section */
		809C66E91AAD862700B79D17 /* Frameworks */ = {
			isa = PBXFrameworksBuildPhase;
			buildActionMask = 2147483647;
			files = (
			);
			runOnlyForDeploymentPostprocessing = 0;
		};
		809C66FE1AAD862700B79D17 /* Frameworks */ = {
			isa = PBXFrameworksBuildPhase;
			buildActionMask = 2147483647;
			files = (
			);
			runOnlyForDeploymentPostprocessing = 0;
		};
/* End PBXFrameworksBuildPhase section */

/* Begin PBXGroup section */
		809C66E31AAD862700B79D17 = {
			isa = PBXGroup;
			children = (
				809C66EE1AAD862700B79D17 /* Countdown */,
				809C67041AAD862700B79D17 /* CountdownTests */,
				809C66ED1AAD862700B79D17 /* Products */,
			);
			sourceTree = "<group>";
		};
		809C66ED1AAD862700B79D17 /* Products */ = {
			isa = PBXGroup;
			children = (
				809C66EC1AAD862700B79D17 /* Countdown.app */,
				809C67011AAD862700B79D17 /* CountdownTests.xctest */,
			);
			name = Products;
			sourceTree = "<group>";
		};
		809C66EE1AAD862700B79D17 /* Countdown */ = {
			isa = PBXGroup;
			children = (
				80C7CCA51F4D546200F22B37 /* Drawing */,
				80C7CC9D1F4D53FC00F22B37 /* archive */,
				80C7CC9B1F4D53CF00F22B37 /* UIViews */,
				80C7CC9C1F4D53E300F22B37 /* View Controllers */,
				809C66F11AAD862700B79D17 /* AppDelegate.swift */,
				809C66F51AAD862700B79D17 /* Main.storyboard */,
				809C66FA1AAD862700B79D17 /* LaunchScreen.xib */,
				8055AC901BCBA56F00FDC2A5 /* Images.xcassets */,
				809C66EF1AAD862700B79D17 /* Supporting Files */,
				80C7CC9E1F4D544000F22B37 /* Countdown-Bridging-Header.h */,
			);
			path = Countdown;
			sourceTree = "<group>";
		};
		809C66EF1AAD862700B79D17 /* Supporting Files */ = {
			isa = PBXGroup;
			children = (
				809C66F01AAD862700B79D17 /* Info.plist */,
			);
			name = "Supporting Files";
			sourceTree = "<group>";
		};
		809C67041AAD862700B79D17 /* CountdownTests */ = {
			isa = PBXGroup;
			children = (
				809C67071AAD862700B79D17 /* CountdownTests.swift */,
				809C67051AAD862700B79D17 /* Supporting Files */,
			);
			path = CountdownTests;
			sourceTree = "<group>";
		};
		809C67051AAD862700B79D17 /* Supporting Files */ = {
			isa = PBXGroup;
			children = (
				809C67061AAD862700B79D17 /* Info.plist */,
			);
			name = "Supporting Files";
			sourceTree = "<group>";
		};
		80C7CC9B1F4D53CF00F22B37 /* UIViews */ = {
			isa = PBXGroup;
			children = (
				80C7CC991F4D509500F22B37 /* Ticker.swift */,
				80C7CCA61F4D5FDA00F22B37 /* TickMark.swift */,
			);
			name = UIViews;
			sourceTree = "<group>";
		};
		80C7CC9C1F4D53E300F22B37 /* View Controllers */ = {
			isa = PBXGroup;
			children = (
				809C66F31AAD862700B79D17 /* ViewController.swift */,
				80C7CCA81F4FFC4D00F22B37 /* ConcentricCirclesViewController.swift */,
				809C67111AAD87CA00B79D17 /* CountdownViewController.swift */,
			);
			name = "View Controllers";
			sourceTree = "<group>";
		};
		80C7CC9D1F4D53FC00F22B37 /* archive */ = {
			isa = PBXGroup;
			children = (
				80279A0D1CFB6C3F00F044DF /* SecondsRemainingUIView.swift */,
				80279A0B1CFB630300F044DF /* MinutesRemainingUIVIew.swift */,
				801DC5721CFB3C7600B64FFA /* HoursRemainingUIView.swift */,
				80A9FE5D1C8D6D13002830B5 /* TotalRemainingUIView.swift */,
				80330A1A1C14F39C00B8A3F4 /* Timer.swift */,
			);
			name = archive;
			sourceTree = "<group>";
		};
		80C7CCA51F4D546200F22B37 /* Drawing */ = {
			isa = PBXGroup;
			children = (
				80C7CC9F1F4D544000F22B37 /* UIBezierPath+Interpolation.h */,
				80C7CCA21F4D545700F22B37 /* CGPointExtension.h */,
				80C7CCA31F4D545700F22B37 /* CGPointExtension.m */,
				80C7CCA01F4D544000F22B37 /* UIBezierPath+Interpolation.m */,
			);
			name = Drawing;
			sourceTree = "<group>";
		};
/* End PBXGroup section */

/* Begin PBXNativeTarget section */
		809C66EB1AAD862700B79D17 /* Countdown */ = {
			isa = PBXNativeTarget;
			buildConfigurationList = 809C670B1AAD862700B79D17 /* Build configuration list for PBXNativeTarget "Countdown" */;
			buildPhases = (
				809C66E81AAD862700B79D17 /* Sources */,
				809C66E91AAD862700B79D17 /* Frameworks */,
				809C66EA1AAD862700B79D17 /* Resources */,
			);
			buildRules = (
			);
			dependencies = (
			);
			name = Countdown;
			productName = Countdown;
			productReference = 809C66EC1AAD862700B79D17 /* Countdown.app */;
			productType = "com.apple.product-type.application";
		};
		809C67001AAD862700B79D17 /* CountdownTests */ = {
			isa = PBXNativeTarget;
			buildConfigurationList = 809C670E1AAD862700B79D17 /* Build configuration list for PBXNativeTarget "CountdownTests" */;
			buildPhases = (
				809C66FD1AAD862700B79D17 /* Sources */,
				809C66FE1AAD862700B79D17 /* Frameworks */,
				809C66FF1AAD862700B79D17 /* Resources */,
			);
			buildRules = (
			);
			dependencies = (
				809C67031AAD862700B79D17 /* PBXTargetDependency */,
			);
			name = CountdownTests;
			productName = CountdownTests;
			productReference = 809C67011AAD862700B79D17 /* CountdownTests.xctest */;
			productType = "com.apple.product-type.bundle.unit-test";
		};
/* End PBXNativeTarget section */

/* Begin PBXProject section */
		809C66E41AAD862700B79D17 /* Project object */ = {
			isa = PBXProject;
			attributes = {
				LastSwiftMigration = 0700;
				LastSwiftUpdateCheck = 0700;
				LastUpgradeCheck = 0800;
				ORGANIZATIONNAME = "Hana Kim";
				TargetAttributes = {
					809C66EB1AAD862700B79D17 = {
						CreatedOnToolsVersion = 6.1.1;
						DevelopmentTeam = 7K59P6K984;
						LastSwiftMigration = 0800;
					};
					809C67001AAD862700B79D17 = {
						CreatedOnToolsVersion = 6.1.1;
						LastSwiftMigration = 0800;
						TestTargetID = 809C66EB1AAD862700B79D17;
					};
				};
			};
			buildConfigurationList = 809C66E71AAD862700B79D17 /* Build configuration list for PBXProject "Countdown" */;
			compatibilityVersion = "Xcode 3.2";
			developmentRegion = English;
			hasScannedForEncodings = 0;
			knownRegions = (
				en,
				Base,
			);
			mainGroup = 809C66E31AAD862700B79D17;
			productRefGroup = 809C66ED1AAD862700B79D17 /* Products */;
			projectDirPath = "";
			projectRoot = "";
			targets = (
				809C66EB1AAD862700B79D17 /* Countdown */,
				809C67001AAD862700B79D17 /* CountdownTests */,
			);
		};
/* End PBXProject section */

/* Begin PBXResourcesBuildPhase section */
		809C66EA1AAD862700B79D17 /* Resources */ = {
			isa = PBXResourcesBuildPhase;
			buildActionMask = 2147483647;
			files = (
				8055AC911BCBA56F00FDC2A5 /* Images.xcassets in Resources */,
				809C66F71AAD862700B79D17 /* Main.storyboard in Resources */,
				809C66FC1AAD862700B79D17 /* LaunchScreen.xib in Resources */,
			);
			runOnlyForDeploymentPostprocessing = 0;
		};
		809C66FF1AAD862700B79D17 /* Resources */ = {
			isa = PBXResourcesBuildPhase;
			buildActionMask = 2147483647;
			files = (
			);
			runOnlyForDeploymentPostprocessing = 0;
		};
/* End PBXResourcesBuildPhase section */

/* Begin PBXSourcesBuildPhase section */
		809C66E81AAD862700B79D17 /* Sources */ = {
			isa = PBXSourcesBuildPhase;
			buildActionMask = 2147483647;
			files = (
				809C67121AAD87CA00B79D17 /* CountdownViewController.swift in Sources */,
				809C66F41AAD862700B79D17 /* ViewController.swift in Sources */,
				80A9FE5E1C8D6D13002830B5 /* TotalRemainingUIView.swift in Sources */,
				801DC5731CFB3C7600B64FFA /* HoursRemainingUIView.swift in Sources */,
				809C66F21AAD862700B79D17 /* AppDelegate.swift in Sources */,
				80C7CCA11F4D544000F22B37 /* UIBezierPath+Interpolation.m in Sources */,
				80C7CCA41F4D545700F22B37 /* CGPointExtension.m in Sources */,
				80330A1B1C14F39C00B8A3F4 /* Timer.swift in Sources */,
				80C7CC9A1F4D509500F22B37 /* Ticker.swift in Sources */,
				80279A0E1CFB6C3F00F044DF /* SecondsRemainingUIView.swift in Sources */,
				80C7CCA91F4FFC4D00F22B37 /* ConcentricCirclesViewController.swift in Sources */,
				80C7CCA71F4D5FDA00F22B37 /* TickMark.swift in Sources */,
				80279A0C1CFB630300F044DF /* MinutesRemainingUIVIew.swift in Sources */,
			);
			runOnlyForDeploymentPostprocessing = 0;
		};
		809C66FD1AAD862700B79D17 /* Sources */ = {
			isa = PBXSourcesBuildPhase;
			buildActionMask = 2147483647;
			files = (
				809C67081AAD862700B79D17 /* CountdownTests.swift in Sources */,
			);
			runOnlyForDeploymentPostprocessing = 0;
		};
/* End PBXSourcesBuildPhase section */

/* Begin PBXTargetDependency section */
		809C67031AAD862700B79D17 /* PBXTargetDependency */ = {
			isa = PBXTargetDependency;
			target = 809C66EB1AAD862700B79D17 /* Countdown */;
			targetProxy = 809C67021AAD862700B79D17 /* PBXContainerItemProxy */;
		};
/* End PBXTargetDependency section */

/* Begin PBXVariantGroup section */
		809C66F51AAD862700B79D17 /* Main.storyboard */ = {
			isa = PBXVariantGroup;
			children = (
				809C66F61AAD862700B79D17 /* Base */,
			);
			name = Main.storyboard;
			sourceTree = "<group>";
		};
		809C66FA1AAD862700B79D17 /* LaunchScreen.xib */ = {
			isa = PBXVariantGroup;
			children = (
				809C66FB1AAD862700B79D17 /* Base */,
			);
			name = LaunchScreen.xib;
			sourceTree = "<group>";
		};
/* End PBXVariantGroup section */

/* Begin XCBuildConfiguration section */
		809C67091AAD862700B79D17 /* Debug */ = {
			isa = XCBuildConfiguration;
			buildSettings = {
				ALWAYS_SEARCH_USER_PATHS = NO;
				CLANG_CXX_LANGUAGE_STANDARD = "gnu++0x";
				CLANG_CXX_LIBRARY = "libc++";
				CLANG_ENABLE_MODULES = YES;
				CLANG_ENABLE_OBJC_ARC = YES;
				CLANG_WARN_BOOL_CONVERSION = YES;
				CLANG_WARN_CONSTANT_CONVERSION = YES;
				CLANG_WARN_DIRECT_OBJC_ISA_USAGE = YES_ERROR;
				CLANG_WARN_EMPTY_BODY = YES;
				CLANG_WARN_ENUM_CONVERSION = YES;
				CLANG_WARN_INFINITE_RECURSION = YES;
				CLANG_WARN_INT_CONVERSION = YES;
				CLANG_WARN_OBJC_ROOT_CLASS = YES_ERROR;
				CLANG_WARN_SUSPICIOUS_MOVE = YES;
				CLANG_WARN_UNREACHABLE_CODE = YES;
				CLANG_WARN__DUPLICATE_METHOD_MATCH = YES;
				"CODE_SIGN_IDENTITY[sdk=iphoneos*]" = "iPhone Developer";
				COPY_PHASE_STRIP = NO;
				ENABLE_STRICT_OBJC_MSGSEND = YES;
				ENABLE_TESTABILITY = YES;
				GCC_C_LANGUAGE_STANDARD = gnu99;
				GCC_DYNAMIC_NO_PIC = NO;
				GCC_NO_COMMON_BLOCKS = YES;
				GCC_OPTIMIZATION_LEVEL = 0;
				GCC_PREPROCESSOR_DEFINITIONS = (
					"DEBUG=1",
					"$(inherited)",
				);
				GCC_SYMBOLS_PRIVATE_EXTERN = NO;
				GCC_WARN_64_TO_32_BIT_CONVERSION = YES;
				GCC_WARN_ABOUT_RETURN_TYPE = YES_ERROR;
				GCC_WARN_UNDECLARED_SELECTOR = YES;
				GCC_WARN_UNINITIALIZED_AUTOS = YES_AGGRESSIVE;
				GCC_WARN_UNUSED_FUNCTION = YES;
				GCC_WARN_UNUSED_VARIABLE = YES;
				IPHONEOS_DEPLOYMENT_TARGET = 8.1;
				MTL_ENABLE_DEBUG_INFO = YES;
				ONLY_ACTIVE_ARCH = YES;
				SDKROOT = iphoneos;
				SWIFT_OPTIMIZATION_LEVEL = "-Onone";
			};
			name = Debug;
		};
		809C670A1AAD862700B79D17 /* Release */ = {
			isa = XCBuildConfiguration;
			buildSettings = {
				ALWAYS_SEARCH_USER_PATHS = NO;
				CLANG_CXX_LANGUAGE_STANDARD = "gnu++0x";
				CLANG_CXX_LIBRARY = "libc++";
				CLANG_ENABLE_MODULES = YES;
				CLANG_ENABLE_OBJC_ARC = YES;
				CLANG_WARN_BOOL_CONVERSION = YES;
				CLANG_WARN_CONSTANT_CONVERSION = YES;
				CLANG_WARN_DIRECT_OBJC_ISA_USAGE = YES_ERROR;
				CLANG_WARN_EMPTY_BODY = YES;
				CLANG_WARN_ENUM_CONVERSION = YES;
				CLANG_WARN_INFINITE_RECURSION = YES;
				CLANG_WARN_INT_CONVERSION = YES;
				CLANG_WARN_OBJC_ROOT_CLASS = YES_ERROR;
				CLANG_WARN_SUSPICIOUS_MOVE = YES;
				CLANG_WARN_UNREACHABLE_CODE = YES;
				CLANG_WARN__DUPLICATE_METHOD_MATCH = YES;
				"CODE_SIGN_IDENTITY[sdk=iphoneos*]" = "iPhone Developer";
				COPY_PHASE_STRIP = YES;
				ENABLE_NS_ASSERTIONS = NO;
				ENABLE_STRICT_OBJC_MSGSEND = YES;
				GCC_C_LANGUAGE_STANDARD = gnu99;
				GCC_NO_COMMON_BLOCKS = YES;
				GCC_WARN_64_TO_32_BIT_CONVERSION = YES;
				GCC_WARN_ABOUT_RETURN_TYPE = YES_ERROR;
				GCC_WARN_UNDECLARED_SELECTOR = YES;
				GCC_WARN_UNINITIALIZED_AUTOS = YES_AGGRESSIVE;
				GCC_WARN_UNUSED_FUNCTION = YES;
				GCC_WARN_UNUSED_VARIABLE = YES;
				IPHONEOS_DEPLOYMENT_TARGET = 8.1;
				MTL_ENABLE_DEBUG_INFO = NO;
				SDKROOT = iphoneos;
				SWIFT_OPTIMIZATION_LEVEL = "-Owholemodule";
				VALIDATE_PRODUCT = YES;
			};
			name = Release;
		};
		809C670C1AAD862700B79D17 /* Debug */ = {
			isa = XCBuildConfiguration;
			buildSettings = {
				ASSETCATALOG_COMPILER_APPICON_NAME = AppIcon;
				CLANG_ENABLE_MODULES = YES;
				INFOPLIST_FILE = Countdown/Info.plist;
				IPHONEOS_DEPLOYMENT_TARGET = 9.0;
				LD_RUNPATH_SEARCH_PATHS = "$(inherited) @executable_path/Frameworks";
				PRODUCT_BUNDLE_IDENTIFIER = "hana.$(PRODUCT_NAME:rfc1034identifier)";
				PRODUCT_NAME = "$(TARGET_NAME)";
				SWIFT_OBJC_BRIDGING_HEADER = "Countdown/Countdown-Bridging-Header.h";
				SWIFT_OPTIMIZATION_LEVEL = "-Onone";
				SWIFT_VERSION = 3.0;
			};
			name = Debug;
		};
		809C670D1AAD862700B79D17 /* Release */ = {
			isa = XCBuildConfiguration;
			buildSettings = {
				ASSETCATALOG_COMPILER_APPICON_NAME = AppIcon;
				CLANG_ENABLE_MODULES = YES;
				INFOPLIST_FILE = Countdown/Info.plist;
				IPHONEOS_DEPLOYMENT_TARGET = 9.0;
				LD_RUNPATH_SEARCH_PATHS = "$(inherited) @executable_path/Frameworks";
				PRODUCT_BUNDLE_IDENTIFIER = "hana.$(PRODUCT_NAME:rfc1034identifier)";
				PRODUCT_NAME = "$(TARGET_NAME)";
				SWIFT_OBJC_BRIDGING_HEADER = "Countdown/Countdown-Bridging-Header.h";
				SWIFT_VERSION = 3.0;
			};
			name = Release;
		};
		809C670F1AAD862700B79D17 /* Debug */ = {
			isa = XCBuildConfiguration;
			buildSettings = {
				BUNDLE_LOADER = "$(TEST_HOST)";
				FRAMEWORK_SEARCH_PATHS = (
					"$(SDKROOT)/Developer/Library/Frameworks",
					"$(inherited)",
				);
				GCC_PREPROCESSOR_DEFINITIONS = (
					"DEBUG=1",
					"$(inherited)",
				);
				INFOPLIST_FILE = CountdownTests/Info.plist;
				LD_RUNPATH_SEARCH_PATHS = "$(inherited) @executable_path/Frameworks @loader_path/Frameworks";
				PRODUCT_BUNDLE_IDENTIFIER = "hana.$(PRODUCT_NAME:rfc1034identifier)";
				PRODUCT_NAME = "$(TARGET_NAME)";
				SWIFT_VERSION = 3.0;
				TEST_HOST = "$(BUILT_PRODUCTS_DIR)/Countdown.app/Countdown";
			};
			name = Debug;
		};
		809C67101AAD862700B79D17 /* Release */ = {
			isa = XCBuildConfiguration;
			buildSettings = {
				BUNDLE_LOADER = "$(TEST_HOST)";
				FRAMEWORK_SEARCH_PATHS = (
					"$(SDKROOT)/Developer/Library/Frameworks",
					"$(inherited)",
				);
				INFOPLIST_FILE = CountdownTests/Info.plist;
				LD_RUNPATH_SEARCH_PATHS = "$(inherited) @executable_path/Frameworks @loader_path/Frameworks";
				PRODUCT_BUNDLE_IDENTIFIER = "hana.$(PRODUCT_NAME:rfc1034identifier)";
				PRODUCT_NAME = "$(TARGET_NAME)";
				SWIFT_VERSION = 3.0;
				TEST_HOST = "$(BUILT_PRODUCTS_DIR)/Countdown.app/Countdown";
			};
			name = Release;
		};
/* End XCBuildConfiguration section */

/* Begin XCConfigurationList section */
		809C66E71AAD862700B79D17 /* Build configuration list for PBXProject "Countdown" */ = {
			isa = XCConfigurationList;
			buildConfigurations = (
				809C67091AAD862700B79D17 /* Debug */,
				809C670A1AAD862700B79D17 /* Release */,
			);
			defaultConfigurationIsVisible = 0;
			defaultConfigurationName = Release;
		};
		809C670B1AAD862700B79D17 /* Build configuration list for PBXNativeTarget "Countdown" */ = {
			isa = XCConfigurationList;
			buildConfigurations = (
				809C670C1AAD862700B79D17 /* Debug */,
				809C670D1AAD862700B79D17 /* Release */,
			);
			defaultConfigurationIsVisible = 0;
			defaultConfigurationName = Release;
		};
		809C670E1AAD862700B79D17 /* Build configuration list for PBXNativeTarget "CountdownTests" */ = {
			isa = XCConfigurationList;
			buildConfigurations = (
				809C670F1AAD862700B79D17 /* Debug */,
				809C67101AAD862700B79D17 /* Release */,
			);
			defaultConfigurationIsVisible = 0;
			defaultConfigurationName = Release;
		};
/* End XCConfigurationList section */
	};
	rootObject = 809C66E41AAD862700B79D17 /* Project object */;
}
